
Microsoft Visual Studio Solution File, Format Version 12.00
# Visual Studio Version 17
VisualStudioVersion = 17.8.34309.116
MinimumVisualStudioVersion = 10.0.40219.1
Project("{FAE04EC0-301F-11D3-BF4B-00C04F79EFBC}") = "WordDocGenerator", "WordDocGenerator\WordDocGenerator.csproj", "{424D5B3C-47CB-4081-81A7-FC31D1B20DA4}"
EndProject
Global
	GlobalSection(SolutionConfigurationPlatforms) = preSolution
		Debug|Any CPU = Debug|Any CPU
		Release|Any CPU = Release|Any CPU
	EndGlobalSection
	GlobalSection(ProjectConfigurationPlatforms) = postSolution
		{424D5B3C-47CB-4081-81A7-FC31D1B20DA4}.Debug|Any CPU.ActiveCfg = Debug|Any CPU
		{424D5B3C-47CB-4081-81A7-FC31D1B20DA4}.Debug|Any CPU.Build.0 = Debug|Any CPU
		{424D5B3C-47CB-4081-81A7-FC31D1B20DA4}.Release|Any CPU.ActiveCfg = Release|Any CPU
		{424D5B3C-47CB-4081-81A7-FC31D1B20DA4}.Release|Any CPU.Build.0 = Release|Any CPU
	EndGlobalSection
	GlobalSection(SolutionProperties) = preSolution
		HideSolutionNode = FALSE
	EndGlobalSection
	GlobalSection(ExtensibilityGlobals) = postSolution
		SolutionGuid = {0549C6F1-B13A-4043-984A-C4925510EDD7}
	EndGlobalSection
EndGlobal
